
Microsoft Visual Studio Solution File, Format Version 11.00
# Visual Studio 2010
Project("{FAE04EC0-301F-11D3-BF4B-00C04F79EFBC}") = "Assembly-CSharp", "Assembly-CSharp.csproj", "{762F85F6-6B05-0894-EB41-271C74F22C17}"
EndProject
Global
	GlobalSection(SolutionConfigurationPlatforms) = preSolution
		Debug|Any CPU = Debug|Any CPU
		Release|Any CPU = Release|Any CPU
	EndGlobalSection
	GlobalSection(ProjectConfigurationPlatforms) = postSolution
		{762F85F6-6B05-0894-EB41-271C74F22C17}.Debug|Any CPU.ActiveCfg = Debug|Any CPU
		{762F85F6-6B05-0894-EB41-271C74F22C17}.Debug|Any CPU.Build.0 = Debug|Any CPU
		{762F85F6-6B05-0894-EB41-271C74F22C17}.Release|Any CPU.ActiveCfg = Release|Any CPU
		{762F85F6-6B05-0894-EB41-271C74F22C17}.Release|Any CPU.Build.0 = Release|Any CPU
	EndGlobalSection
	GlobalSection(SolutionProperties) = preSolution
		HideSolutionNode = FALSE
	EndGlobalSection
EndGlobal
